{
  "version": "2",
  "remote": {
    "https://jspm.dev/npm:@jspm/core@2.0.0-beta.27/_/05d7e966.js": "528463059c53304f4317b81aa66accc0822bf837ab343296ec953e5745e434af",
    "https://jspm.dev/npm:@jspm/core@2.0.0-beta.27/_/19eb16ed.js": "2cfd8953833f40d325e55ac0baa079876a074e522d59ff308fdca85d8d29c264",
    "https://jspm.dev/npm:@jspm/core@2.0.0-beta.27/_/254d2cec.js": "7d1fe005e579cbbfc31c3fe6a23611662918ee75d1c2e0cbbbad1cf9fee4a668",
    "https://jspm.dev/npm:@jspm/core@2.0.0-beta.27/_/2b2b776a.js": "75fa35daa4bbf937eccc645226318885bdb4081eff6379cf260a0bce167c692a",
    "https://jspm.dev/npm:@jspm/core@2.0.0-beta.27/_/4b692d7d.js": "1a211473fdc649250b0205ca4378fa6b430c35772c6cbd2d1b7286bc18d38d6c",
    "https://jspm.dev/npm:@jspm/core@2.0.0-beta.27/_/90d5c88e.js": "3efc8f286333cbbd0c4345c7b3a764cad9fc44a5b22c512dcb9fc80f8ec6165c",
    "https://jspm.dev/npm:@jspm/core@2.0.0-beta.27/_/919d6b69.js": "53a285d12b8ab9fb3e509080454afd4e520a07a504c5c128dfec67af902277ef",
    "https://jspm.dev/npm:@jspm/core@2.0.0-beta.27/_/9a00abeb.js": "20bd2078ea72411fe8b4299db4006c00da768e523c84d602827dba2f99cf49c1",
    "https://jspm.dev/npm:@jspm/core@2.0.0-beta.27/_/9b69fd5b.js": "78c9661d2115d1642d10ea1b2cd7b484535c7ccef0a2fe195c8eca76823fadf9",
    "https://jspm.dev/npm:@jspm/core@2.0.0-beta.27/_/c2f4c945.js": "ea54f9adb9c1430d0944c1fe3f637bfa2b6ffcba7d29b5496d6317685450d5fb",
    "https://jspm.dev/npm:@jspm/core@2.0.0-beta.27/_/d792433a.js": "115353ee45149e7fe1a70b1627f28226dcdb7f530c91c3388efd17adabf3714c",
    "https://jspm.dev/npm:@jspm/core@2.0.0-beta.27/_/e31e0b89.js": "8bad5751f335ddcf55b63364f6400033c966decbf55f0ac8917fb51c0e622ca7",
    "https://jspm.dev/npm:@jspm/core@2.0.0-beta.27/nodelibs/assert": "59d0a06934c55fe9b1c39864ce19db0988cf04028f4f0a614d9aa8746970a3a0",
    "https://jspm.dev/npm:@jspm/core@2.0.0-beta.27/nodelibs/buffer": "543cdf00fe90af56276f394a31f8d8b5f76e2efb778a11f3dba8bdf4bbc3b87e",
    "https://jspm.dev/npm:@jspm/core@2.0.0-beta.27/nodelibs/child_process": "ca9cee5f5e8ba772e85a596eae2d6067d27a0b4c4077b71d6a033082a20ddc28",
    "https://jspm.dev/npm:@jspm/core@2.0.0-beta.27/nodelibs/events": "52f23383194e32b2c21cbbd64058b76674d3a99363d6565cc9892fefcd281c45",
    "https://jspm.dev/npm:@jspm/core@2.0.0-beta.27/nodelibs/fs": "704e9ee958798abb1ad78b2211995b596b9d9d117a1a13f1a7d86937c82ca2e9",
    "https://jspm.dev/npm:@jspm/core@2.0.0-beta.27/nodelibs/http": "f73d8f54adb3ba57f11bf57c313b8430e27a3d3b56c6fb6e94514e0323ba82e2",
    "https://jspm.dev/npm:@jspm/core@2.0.0-beta.27/nodelibs/https": "9677d543914cf515f457f97b84ea262df9fa8ddad48a26e76c993f77686b6481",
    "https://jspm.dev/npm:@jspm/core@2.0.0-beta.27/nodelibs/net": "9f4a20b2d04aab782cde201f4273bddfba58263e4dae671c93c5f37755fb93f3",
    "https://jspm.dev/npm:@jspm/core@2.0.0-beta.27/nodelibs/os": "6c61d1dc6e2805cf1b7f0f0e2da7d905e268f82e91f3406dcf6beb94352a0055",
    "https://jspm.dev/npm:@jspm/core@2.0.0-beta.27/nodelibs/path": "cf054f39e817961d4ccf717d506e8e1d5a2b0693fba9aa2e33a54e90a1512da1",
    "https://jspm.dev/npm:@jspm/core@2.0.0-beta.27/nodelibs/process": "1d74c73bf07aedf4e34216c88895dfdc65216c6e703295e02c7480953b7a5004",
    "https://jspm.dev/npm:@jspm/core@2.0.0-beta.27/nodelibs/punycode": "a0f4ead7909a58b9b06612ea8fe0f01ed7f8119b5bed0c7fd54d5bb5758c9d58",
    "https://jspm.dev/npm:@jspm/core@2.0.0-beta.27/nodelibs/stream": "e31817a0d4a9095c318e45ced56367f8d9270d81b78796bfecec529ef7e6d1f2",
    "https://jspm.dev/npm:@jspm/core@2.0.0-beta.27/nodelibs/string_decoder": "4008cd2aa6ff8a14fda8d586d44d01902a23665a0276a6dd1cbc7c2fd260b16b",
    "https://jspm.dev/npm:@jspm/core@2.0.0-beta.27/nodelibs/tls": "fe5362e57f8072711cfe719b1f023f41c8b2ae5760e990fad91d4fec2b72850b",
    "https://jspm.dev/npm:@jspm/core@2.0.0-beta.27/nodelibs/url": "d639e0e88d4ef19b5fb649e7037e8c4ee1a3adebe2acb3951636f3939961ba73",
    "https://jspm.dev/npm:@jspm/core@2.0.0-beta.27/nodelibs/util": "c794b4adcdb3a07e57d788461e3698b7bf2c5f64d31403e2e67f92333e749db8",
    "https://jspm.dev/npm:@jspm/core@2.0.0-beta.27/nodelibs/zlib": "850c413f9943a072c130644a67a3f704a1e93444d3f28b5f91ecaee204701964",
    "https://jspm.dev/npm:@jspm/core@2/nodelibs/assert": "147f90e124b86e6f5eeb15d833dc4377467dd946d5b0247995e35dbaf7f3e347",
    "https://jspm.dev/npm:@jspm/core@2/nodelibs/buffer": "b8c2fa92aa963e2963030ce0a718096c2246c2674dcb4164b571d7069410cdca",
    "https://jspm.dev/npm:@jspm/core@2/nodelibs/child_process": "0dd28b08533abebf5f5c93a954d59bb2764943ab3b1fd60ceaf5dd4f16fef9a8",
    "https://jspm.dev/npm:@jspm/core@2/nodelibs/events": "fc1ac6a88cc248c7c1e226f1c72889b8a2b4d16c2cd1fd5d3da4f7c18650b19d",
    "https://jspm.dev/npm:@jspm/core@2/nodelibs/fs": "065048fb08d468d7a6a96d748f7235247287f66f31f63bd9db6020e174c105dd",
    "https://jspm.dev/npm:@jspm/core@2/nodelibs/http": "a47a4abc0a35cbb10183dacf7a2014a3261d0b14e1b4317ea142912016f5733f",
    "https://jspm.dev/npm:@jspm/core@2/nodelibs/https": "fe8dfc26a50183a69e805167ec96af4c0556dc156e0f91607d97847ba58752b9",
    "https://jspm.dev/npm:@jspm/core@2/nodelibs/net": "8d5a69a55acb386fc32aa7c983b22c7dafa8edc62af7e88af2ffcb9179fd40a2",
    "https://jspm.dev/npm:@jspm/core@2/nodelibs/os": "0cabd00ee5492933fe53de31cb6540b233d1c08cb7ad2e822e65736b672bb5fd",
    "https://jspm.dev/npm:@jspm/core@2/nodelibs/path": "a095139a56d533daa3536ea354af2e9c342c40ff98d2e755f2c9f2fd6ec760d6",
    "https://jspm.dev/npm:@jspm/core@2/nodelibs/process": "ae113472d58a7d2f4ff8d0f8b6a526a492edde898ca77382849e07d8b95f50b2",
    "https://jspm.dev/npm:@jspm/core@2/nodelibs/punycode": "34f6b5c1086c9cf527f510796a81325b0e050d8a2565cb8e8b6043080dbd377b",
    "https://jspm.dev/npm:@jspm/core@2/nodelibs/stream": "ba0d16d7497a45710d7626db2129db0c9e3296f516ce543b540231572d65c298",
    "https://jspm.dev/npm:@jspm/core@2/nodelibs/string_decoder": "98a5785f9489ebc9a2d2fdbd71ae729fece2ef1fc628b8447f49f1f989346864",
    "https://jspm.dev/npm:@jspm/core@2/nodelibs/tls": "7467033973d6472a85d2e82f5d853a263893009518c577e763e1308e9095b37d",
    "https://jspm.dev/npm:@jspm/core@2/nodelibs/url": "d8ac3c9caef95c644490701e4dbc7bf7f19ae4420e59eca22d443d0df8d903ae",
    "https://jspm.dev/npm:@jspm/core@2/nodelibs/util": "a39e60d428c88563572e34974ed18815d18edc7308607bbcb8e73ba83d6aad2c",
    "https://jspm.dev/npm:@jspm/core@2/nodelibs/zlib": "a573bbbff5c2e23b1abe9e25ec416d578f720f95a50460c934bb421c547dc067",
    "https://jspm.dev/npm:@tootallnate/once@2!cjs": "8fac69f21db7bdac42c6c2b71a408571915e98b9616bd6ad6bf19c786013679d",
    "https://jspm.dev/npm:@tootallnate/once@2.0.0!cjs": "f58a2a3ea562babb20848e0eb2eb84fcee4d1f093ed7e264eba333b4428b094a",
    "https://jspm.dev/npm:abab@2!cjs": "204b6afff96d209f87f6b6444c8df250888d34d2ec8462ed32a32a789e224200",
    "https://jspm.dev/npm:abab@2.0.6!cjs": "b4a1bba67c80db7cd5f5acc6f8dc6e6fe21dfde7ef97b949355c00bc885abf5a",
    "https://jspm.dev/npm:abab@2.0.6/lib/atob!cjs": "751a75e396f5985000203fc6061d9a024682f9b6d195273d0cd20a2b49cf38d1",
    "https://jspm.dev/npm:abab@2.0.6/lib/btoa!cjs": "6e5ea0d1b3ef3925eb1e5a37585c9caee8c3c030b56a023f2aa499e4c99bee58",
    "https://jspm.dev/npm:acorn-globals@6!cjs": "e5062f33abf6a635eeac002435f5873783a43ff8054a0c54a7e8854c7331727e",
    "https://jspm.dev/npm:acorn-globals@6.0.0!cjs": "ab7060c4cd45c3cc143aecbbe22a6bc30c87ded833651c6aa67f2e3efeccc18b",
    "https://jspm.dev/npm:acorn-walk@7!cjs": "2a5d317e1907bcdafaf4539ce47512cb0a342ee39c4fafcadd633e06e0c2f0ad",
    "https://jspm.dev/npm:acorn-walk@7.2.0!cjs": "6cc4d84b435ac34919f0b591eeed89130a326d70e6380c2f7ef3a63d0002f247",
    "https://jspm.dev/npm:acorn@7!cjs": "2c157aa84bd5cad37a7844ac16913e62a8715abbd465b772de29ee14710c965e",
    "https://jspm.dev/npm:acorn@7.4.1!cjs": "27b4069984d0bfafc9383487f29455185cbe754a28da5ffae290e36e73ad7388",
    "https://jspm.dev/npm:acorn@8!cjs": "100c93a949a42d4996dd9254711c5f0faf02874b9cf2ea6e077b87adafa9bd3a",
    "https://jspm.dev/npm:acorn@8.8.1!cjs": "49ac4f4d3e24e41822b0e64ca7d5a579ee437db42b95816dba0c7fa1436fd383",
    "https://jspm.dev/npm:agent-base@6!cjs": "569373613a15297c88ee33c05bfd5e35d6884d7b2164d6f3a7c1e1bcdb730c9e",
    "https://jspm.dev/npm:agent-base@6.0.2!cjs": "0032ddc94c1b02167943d579bfa56aa6626754c43070b1f63840f28235e50134",
    "https://jspm.dev/npm:browser-process-hrtime@1!cjs": "27b34ce835e2d9aee2b75562dbb3ab4dcd04c2f2fd7f6af82d37f0bf7dff2b7b",
    "https://jspm.dev/npm:browser-process-hrtime@1.0.0!cjs": "2cfd0b37dbeaaed32da562fa9d5cf842505375c7ffa02c41752e7490bff0aff0",
    "https://jspm.dev/npm:cssom@0.3!cjs": "fd5799e1237e39ccdcc14b0526836fc7922709ab32373cfd4bb7cfb8a82ec063",
    "https://jspm.dev/npm:cssom@0.3.8!cjs": "3ac0e85ae033a5c1fa8443f31159f21ac7cb80d8810e2ba627094a18f8c29bf7",
    "https://jspm.dev/npm:cssom@0.3.8/_/a74d96ee.js": "0521bcfaa9b6e8594434be0cc09b3aa9a3c21d3c057e53ee10da605b1a8b110e",
    "https://jspm.dev/npm:cssom@0.5!cjs": "7a4d28ede374d710cd6e8baecd9b48b2ed46aa798b578d5cbca6d1233de02f67",
    "https://jspm.dev/npm:cssom@0.5.0!cjs": "f8164cab16701f75b983ed7e76ffae3e965a6b77f78eab7765c871208df69ff6",
    "https://jspm.dev/npm:cssom@0.5.0/_/9c9bf719.js": "ddadd7343eb0a7426420a7f2d3d4cffca121862d0a70505a3514f01f2c551cf2",
    "https://jspm.dev/npm:cssstyle@2!cjs": "18e271e9fc066fec8920560aa49639f7570361988e2c7d6be7f8577c027880e5",
    "https://jspm.dev/npm:cssstyle@2.3.0!cjs": "ff54f554cc55d643adf9c2cc9c08eff3cec925ea7330b68884bb8411f858bb76",
    "https://jspm.dev/npm:cssstyle@2.3.0/lib/parsers!cjs": "df4f1ab70ebc8a1afbb443dbc3a9797b487dcb7d013ef5c4e7dd368d22514f06",
    "https://jspm.dev/npm:data-urls@3!cjs": "1ed31613e45432e289bfd724b726b0e6aea3d1da5434429c93cf5854526ed876",
    "https://jspm.dev/npm:data-urls@3.0.2!cjs": "8628f3a98379add0eb709544abfa01fd2bfc8873e7340f989c82a853cf8d200f",
    "https://jspm.dev/npm:debug@4!cjs": "f4600e987410243377bf03359bb8f97f976b487523a5e3e5f64dbfb87e231555",
    "https://jspm.dev/npm:debug@4.3.4/_/791803cd.js": "2c86f038772b00f15c6300745b3cc8f2a596b3e8ee5c65bc2431a424602ff289",
    "https://jspm.dev/npm:decimal.js@10!cjs": "5fb365ce9ec2b7435c0dae91d2982ffd51af8d2387bb1e186edb406d983065c1",
    "https://jspm.dev/npm:decimal.js@10.4.1!cjs": "1736cbf535dffdd9c15fd34a58da6308ed810c04153b70690c50418ba4c64e28",
    "https://jspm.dev/npm:domexception@4.0.0/webidl2js-wrapper!cjs": "f86b8a8124f24156ea44b9c6a767c3e9f6974392ca8fc5bfa2084a53f5bd4dc6",
    "https://jspm.dev/npm:domexception@4/webidl2js-wrapper!cjs": "632169bcd2d7c6a7f8dc1b7ee29bf8ed40fed94412a818a70a824c006e0c6745",
    "https://jspm.dev/npm:escodegen@2!cjs": "eed41b96b8d7d44aee8bbb5bc7981b0291f5bee0458e315af40d91a4dc060e52",
    "https://jspm.dev/npm:escodegen@2.0.0!cjs": "44bf5f3f835ea5763549c8add59afa3677bb946f81eedde8a012cafdd396c3f0",
    "https://jspm.dev/npm:escodegen@2.0.0/package.json": "03b88f6e0f2c82c86af7b339985f01abe4be5ff209f0ab3892246c7702763866",
    "https://jspm.dev/npm:estraverse@5!cjs": "43283dfb4d9dbb42604094ef4e9f2c47e3553026edb1f8a585622be66ab96a94",
    "https://jspm.dev/npm:estraverse@5.3.0!cjs": "6a7740174dde2ddcd6026622a1fcde7abac5e990225aa7aeb955dcaa616b28d6",
    "https://jspm.dev/npm:esutils@2!cjs": "1c2e6f796e4d68099fc79d23c966471fee73c2b6b08e767b4969449b8fd48176",
    "https://jspm.dev/npm:esutils@2.0.3!cjs": "f3326c87250f8babe2ad4dc573b991b87fdc34fa22d18f9878a20175ffd133c4",
    "https://jspm.dev/npm:esutils@2.0.3/lib/ast.js!cjs": "149dc6c5ce5b77ff94e5fb67319a9f3bdaba3917721ae75606b7671940b5d703",
    "https://jspm.dev/npm:form-data@4!cjs": "a2c8bc49910dc70cc1f8b82d8135ff6d1e3f951c8edcbdb4aa52a96c97620b0d",
    "https://jspm.dev/npm:form-data@4.0.0!cjs": "b66f9ad8ffa656f878ec1ad705f54dfce6c436f507b7e2e035ccf767c3d5ed35",
    "https://jspm.dev/npm:html-encoding-sniffer@3!cjs": "1f480e479818151b82cfe80b09b91aeeafb0b21b9080056d48a903d1ab7bc33d",
    "https://jspm.dev/npm:html-encoding-sniffer@3.0.0!cjs": "1c56c21e7e6615208977687d39db5d72db3df6a66b6aa4d9c35be3186d549623",
    "https://jspm.dev/npm:http-proxy-agent@5!cjs": "80ab6fb500e134008175b12d2f0ee700be235cd8424c4c01a3679f0e2dcebc1a",
    "https://jspm.dev/npm:http-proxy-agent@5.0.0!cjs": "ae067c5d1ffff6e00985b682384a60737c7d7aadcbe428841b527274f7a0696e",
    "https://jspm.dev/npm:https-proxy-agent@5!cjs": "a65adf750939414ea229633032131f917a6a2fe9e7cbbb8aed88f53273f45acf",
    "https://jspm.dev/npm:https-proxy-agent@5.0.1!cjs": "a076f97cd3767029a93310597ab214764d34b3fe1b30b01b5d3cea571366e11f",
    "https://jspm.dev/npm:https-proxy-agent@5.0.1/dist/agent!cjs": "925938814516fb94b0dc5b4261e3625715e97b902c9d36fb0b91d08c813b4501",
    "https://jspm.dev/npm:iconv-lite@0.6.3!cjs": "9bea8bf2754c0aa38e9c801525d18062abf5bb5275fae8da4b7272aa13366c16",
    "https://jspm.dev/npm:iconv-lite@0.6.3/encodings!cjs": "b07bdf02ef6c9e0eed9824d4d1ec9b646b7450f1b9e1fa7156bdebdd18bb37f4",
    "https://jspm.dev/npm:iconv-lite@0.6.3/encodings/dbcs-codec!cjs": "87d41ee45c9afc57e2df3264993050fe6cd63b43a8ee64b2f10d4450e5479947",
    "https://jspm.dev/npm:iconv-lite@0.6.3/encodings/dbcs-data!cjs": "bbdb94bd591a9216e3286a8fe31212c74a81497a6e6966952f8f13d22109c5f1",
    "https://jspm.dev/npm:iconv-lite@0.6.3/encodings/internal!cjs": "10e5ed2ef10008537c305dfc589bb6b818bc9d775eefccd8374952c921f72032",
    "https://jspm.dev/npm:iconv-lite@0.6.3/encodings/sbcs-codec!cjs": "ea41811db9ab67a2ff88f5f227c992c2115fcad8c7e723d73c799e9a119d92e6",
    "https://jspm.dev/npm:iconv-lite@0.6.3/encodings/sbcs-data!cjs": "2e2c423a1035c40b10c7d900f73b673ef35c810d72a83a1bb7171ad107d1a660",
    "https://jspm.dev/npm:iconv-lite@0.6.3/encodings/sbcs-data-generated!cjs": "f55cd32bc23c78fee9b8e8e7e28a14468f88b2b97efe3d69c9ed32d9713e2cbb",
    "https://jspm.dev/npm:iconv-lite@0.6.3/encodings/utf16!cjs": "c2df8f4da6638143dc0b93a4fecdb51d2613107ba9452ff4d6d23f61698ce60a",
    "https://jspm.dev/npm:iconv-lite@0.6.3/encodings/utf7!cjs": "956c9772c26fcf126f70d9149fdcc43486fa165fb9ea74f631546a732f8b16ed",
    "https://jspm.dev/npm:iconv-lite@0.6.3/lib/bom-handling!cjs": "b17127d6f2330b300482e4b34d0b0f73a1aef7e98554e7c682ae141e8e0ab804",
    "https://jspm.dev/npm:iconv-lite@0.6.3/lib/streams!cjs": "d08130b96d80e9ff8d083ab4f2ea936f4a38b02026f2753e0b7aaa95d2158329",
    "https://jspm.dev/npm:is-potential-custom-element-name@1!cjs": "345ef3f88fee8dba89716b5063c917a07cddeb692939e48275cb5c4522c7f083",
    "https://jspm.dev/npm:is-potential-custom-element-name@1.0.1!cjs": "0f79275dbd241c9f13d1162ff0b727ab40e027082477377afba43abf463745fd",
    "https://jspm.dev/npm:jsdom-deno@19.0.2": "999bf10a7fddb3c244c921ea3eab303f31e45b8a496eb0233d6b436d90fd1675",
    "https://jspm.dev/npm:jsdom-deno@19.0.2!cjs": "7a6d704474d62855c70dde5e7474ab130d0e67796635f001c4e01ef0e4a4db24",
    "https://jspm.dev/npm:ms@2.1.2!cjs": "85bdadeb4f78a97ff8fb1a86c20f2b23a9b62613c67b52183b546be04e5f7836",
    "https://jspm.dev/npm:nwsapi@2!cjs": "0d482819cf84c7f2d71faf374a753d5341090171a2675befd20056bd4961d53a",
    "https://jspm.dev/npm:nwsapi@2.2.1!cjs": "0339232d39b4592c7b10eb69cbe28cfa514c017788cc97fc8fb572e15700528e",
    "https://jspm.dev/npm:parse5@6.0.1!cjs": "3be73c0180c35337c0e922b2e8a4b2e29d401db92123ac3868868d4015a69f72",
    "https://jspm.dev/npm:parse5@6.0.1/_/22fa650d.js": "40410f44d5d6f358de982c9c92d3271c900572b83b10a48b2117a9539398f486",
    "https://jspm.dev/npm:parse5@6.0.1/_/9150a243.js": "1d8649714f2ed3b1d7823ac038d04562ea25c42a207f2dcc847205a7dbc9cd12",
    "https://jspm.dev/npm:parse5@6.0.1/lib/common/doctype!cjs": "4192a5d7fc152dcdf9276e51051c941d9f54482b8ce1de7f6ca7478d5e33a8a4",
    "https://jspm.dev/npm:parse5@6.0.1/lib/common/foreign-content!cjs": "385f9562fbfd96fe4537f1f63f480ad6e920b53f6fd8fc48b164e8c4b4c18c51",
    "https://jspm.dev/npm:parse5@6.0.1/lib/common/html!cjs": "952175f01b6f97d0c74bf156e3e6395a60a85b633b9a611ec9f05add802f9905",
    "https://jspm.dev/npm:parse5@6.0.1/lib/common/unicode!cjs": "fbc33dc20df7c4caf56cb96137794f70e13bd9895a604ea787698eae7b6f7397",
    "https://jspm.dev/npm:parse5@6.0.1/lib/parser!cjs": "02dfb6128442c05eca5289af2d706104ad1e1a72092dafc5f6f9475766551186",
    "https://jspm.dev/npm:parse5@6.0.1/lib/parser/open-element-stack!cjs": "8991ea0e273822c7d166bdb3d52055c124ce86af6e66c5342dd6446202ae8c6e",
    "https://jspm.dev/npm:parse5@6.0.1/lib/serializer!cjs": "27f4354a222e1669be2d06683596909ee6cb0ed1037520e7a187baff1915fdcb",
    "https://jspm.dev/npm:parse5@6.0.1/lib/tree-adapters/default!cjs": "86e45c960f385f60cad306969781179ebac70fe59e41104b6109cddd44852dbc",
    "https://jspm.dev/npm:parse5@6.0.1/lib/utils/merge-options!cjs": "52ba591c9e882dc2438d042eb01af146bed6897664cd6e41d337c397e8de1b05",
    "https://jspm.dev/npm:parse5@6.0.1/lib/utils/mixin!cjs": "3318a602ad573dbecd513bf58063d10836925d83e0022f0363b9a08983d458f4",
    "https://jspm.dev/npm:psl@1!cjs": "72e36e8975efd9e0a9cbc9fba5d109432c16d7f7628553a5380b1aa03315bc29",
    "https://jspm.dev/npm:psl@1.9.0!cjs": "0cb017e14042df28b3db16100250c72883e3b40222bfc3fa5b69e54b3bf96045",
    "https://jspm.dev/npm:punycode@2!cjs": "babc9c2c87eaaf75f8cb1e4419a6e602dca7427f139dab7c36f4c37f66239dad",
    "https://jspm.dev/npm:punycode@2.1.1!cjs": "1e9ae72badf2aa87800c118f0f9b4e90fbadd587340f51a2bdc0d0ed3d3e8b1a",
    "https://jspm.dev/npm:querystringify@2!cjs": "c3d1d033ac28f19b816ddf9f7b60baca054653138d02f85a5d41865aa7e3320b",
    "https://jspm.dev/npm:querystringify@2.2.0!cjs": "7f37f5982a6496a7dbd5d7dfea94be8afa9f22cd707df80b65b3117454bbf265",
    "https://jspm.dev/npm:requires-port@1!cjs": "4888d6c9e0098292bdd417feca8a7be1fea3a742505101719bbffdd832038c74",
    "https://jspm.dev/npm:requires-port@1.0.0!cjs": "6619c2b54ea53f0f5477bf182ce08572869b12ba937c281d860b3badf74bb66a",
    "https://jspm.dev/npm:safer-buffer@2!cjs": "94c51de14e4b39f5d17568dfba807ae1a1f50686c7bc0a03f96ab97e24061c52",
    "https://jspm.dev/npm:safer-buffer@2.1.2!cjs": "47d9ea315ad8a7e5108e2163804d983f9390475dda59960ca52d5b0265ba63ad",
    "https://jspm.dev/npm:saxes@5!cjs": "f9bed604525f839691600bb9f77e3769722d9716dc050956d4cc556549723da8",
    "https://jspm.dev/npm:saxes@5.0.1!cjs": "2ba3a13516a40e11d10895fcf3e6cfe175ad5027d39fd51ba5ba3639ac91995f",
    "https://jspm.dev/npm:source-map@0.6!cjs": "98204842c2889a2728857d34114c603627cf01a601269d0aeb82d19af66d1282",
    "https://jspm.dev/npm:source-map@0.6.1!cjs": "d1d2e76a70ee5b91b70626a8c4ae24bed218f7282c4e306fc98db210093fee49",
    "https://jspm.dev/npm:source-map@0.6.1/_/b1dbe139.js": "aad45c56f326044267c6d37e24aa452e2c37426d76cc545e07ffe8c340013b7c",
    "https://jspm.dev/npm:source-map@0.6.1/lib/source-map-consumer!cjs": "3fc73a10b598c0bd0d29d176488755a8c1f6d3325afcb5f751a0cc7cbfac0f61",
    "https://jspm.dev/npm:source-map@0.6.1/lib/source-map-generator!cjs": "dc7a5810cdbfdad9fe573906ed113610940ae91ba7e575b98ae14494cff15117",
    "https://jspm.dev/npm:source-map@0.6.1/lib/util!cjs": "e101e0e50d54f2c5ec3393035ebd39cc1b5a77abf3323220f0954f1b0e60b462",
    "https://jspm.dev/npm:symbol-tree@3!cjs": "924eff4c9c929e1197d8b984241f0e0e695ae1575dc8f623b9baf97760c7bb86",
    "https://jspm.dev/npm:symbol-tree@3.2.4!cjs": "4d49326d14824ed496fc592093e0c3af61d1c79a762901b2e39091f706abe565",
    "https://jspm.dev/npm:tough-cookie@4!cjs": "30f51287e556ce4a30713e86b8acecdd60b61e01e196b5d84a38252be3cdcf4b",
    "https://jspm.dev/npm:tough-cookie@4.1.2!cjs": "d6b058144e1c3ab681794da8df9ff6116170dc07386e0aa4af7b6f105718349a",
    "https://jspm.dev/npm:tough-cookie@4.1.2/_/a9b1d9f8.js": "7b8bc9c97a4f8316f5c45da0790767664087ec4d63536293ef1a0b60687b2742",
    "https://jspm.dev/npm:tr46@3!cjs": "765cb617fd3c065e69348287358ff63ee69580d314dae886b3ad9b1e0b39fc90",
    "https://jspm.dev/npm:tr46@3.0.0!cjs": "3d34e7efd068e5ceab8d71fcd0ad5b2113b0fc2db124ec2d31f278ed0279db8b",
    "https://jspm.dev/npm:universalify@0.2!cjs": "f0dc6cab5699d2937661cc5da04824d909e8b5688aa6aafb7c80ba6dec7d1103",
    "https://jspm.dev/npm:universalify@0.2.0!cjs": "d2d070cdf42e094ce046f1d151ed47d028f2e75699821795b1d0ab749a3cd5f4",
    "https://jspm.dev/npm:url-parse@1!cjs": "ed9fc0572751ff6e78aecafc721532fc9381bf09fe43bbb14633f26bedab4d10",
    "https://jspm.dev/npm:url-parse@1.5.10!cjs": "615c89b9d27d5e8aa22ba75ef323eecdbfd0f0c4478f08ea76f12d8ce3fcd59e",
    "https://jspm.dev/npm:w3c-hr-time@1!cjs": "e7e8fa7ac9eb483c7ac27ba985aaccfe4f4333ce623b0f3c793d72cf6089d18d",
    "https://jspm.dev/npm:w3c-hr-time@1.0.2!cjs": "b11d1f12101d6d8554481f6758d06cac1c497cb8db0d2c54d031fc7f92870ef5",
    "https://jspm.dev/npm:w3c-xmlserializer@3!cjs": "2079701d332b76d34d8cc325fc1e7ec70022c2251279e9a262a64a63ba793b93",
    "https://jspm.dev/npm:w3c-xmlserializer@3.0.0!cjs": "aaf23d6788bde10b6b88831b76d5f49e3633f10a5bcdab11cd259d73218ca2a3",
    "https://jspm.dev/npm:webidl-conversions@7!cjs": "3d9a4e32fb380085a40404c43fed6d3509fff87ce7baab96e5c78a94c237d51d",
    "https://jspm.dev/npm:webidl-conversions@7.0.0!cjs": "5675cf81633e0caaebbc2c487516f7af1bc96706041fbdbb4673e5c513e5b2ab",
    "https://jspm.dev/npm:whatwg-encoding@2!cjs": "833657641e7954878e9e91b0e0ec4d5d1002b2253e413deef46f8b7d159641fe",
    "https://jspm.dev/npm:whatwg-encoding@2.0.0!cjs": "3b016f1be4d9d629c6c3342988a935dc19bf2274c32eb7a8dae39e8dd108d1b0",
    "https://jspm.dev/npm:whatwg-mimetype@3!cjs": "54cb4d7da1ca608f3d884c54247e15ac70842e409e47de30c08fd3bcad63a3ba",
    "https://jspm.dev/npm:whatwg-mimetype@3.0.0!cjs": "bab685978eeeb7257a3fdef1035929a8a9bcb119200e76f2e7438789ccada8d4",
    "https://jspm.dev/npm:whatwg-url@10!cjs": "bb3e49368be778629bfd34c3bfbf8133af1da018599fd201bdfc1ad5735a4049",
    "https://jspm.dev/npm:whatwg-url@10.0.0!cjs": "f4ad588d3e66a9ce834080024f3375af1469aac5481da5d5eccd9b1064750d0c",
    "https://jspm.dev/npm:whatwg-url@10.0.0/_/6fbc1dbd.js": "ca6540f971ecad7dfcb318941e9d82753dbff930e4437d8caa56c2a2a5e130a1",
    "https://jspm.dev/npm:whatwg-url@10.0.0/_/f4609790.js": "458892d7ef8c4accfd1c8e5a7415b74a23ec2f13733a667cf2e62639d89f0c0c",
    "https://jspm.dev/npm:whatwg-url@10.0.0/lib/URL!cjs": "001ff1e5996305b4b1bb94b3a40582be56a7459be0de791df63dd3f01b61224f",
    "https://jspm.dev/npm:whatwg-url@10.0.0/lib/URL-impl!cjs": "b14515fb6d0a3f9cbea791096ae0ec9286d853d339165697c6b1e711839e5395",
    "https://jspm.dev/npm:whatwg-url@10.0.0/lib/URLSearchParams-impl!cjs": "6f9ca9319d66fdc115c049436e66549fafb4fe1c3c387c9d26fccfe0b99352d9",
    "https://jspm.dev/npm:whatwg-url@10.0.0/lib/infra!cjs": "e90091eb97e5296ffb2e3b5b4eef2a4ef81368f898bb0d87da8878c98b20d3e5",
    "https://jspm.dev/npm:whatwg-url@10.0.0/lib/url-state-machine!cjs": "62481d86c3169fb0dcd8f116b26f749dd3c90cca570a61057387971cbf56f360",
    "https://jspm.dev/npm:whatwg-url@10.0.0/lib/urlencoded!cjs": "01b7b40c321da116514b4fd35a12b7d6a64da38e1e2f257a6d1390b93cc9cedc",
    "https://jspm.dev/npm:whatwg-url@10.0.0/webidl2js-wrapper!cjs": "53ab7fed7f055897e6b292256130785f6bc0f2b142ac1db053304d54931b02d1",
    "https://jspm.dev/npm:whatwg-url@10/webidl2js-wrapper!cjs": "f7dd738a059c05fa41af5117fc90bcc2089baf1c2ba0d061ff7d4cc041f7230a",
    "https://jspm.dev/npm:whatwg-url@11!cjs": "4e8cddc74ad6d898d519bdec1f2ae4416a9e3b573b3ce3148578f327cb700a28",
    "https://jspm.dev/npm:whatwg-url@11.0.0!cjs": "b562292e884807091b0f8b7f5cc1e45f5c667ebf775e99b8f38d686b4135b8d1",
    "https://jspm.dev/npm:whatwg-url@11.0.0/_/0a403534.js": "216f1dc098b9b08ca72b5d1074b471ceac7048f01949e27fd144ba51e36c76b5",
    "https://jspm.dev/npm:whatwg-url@11.0.0/_/dcf7cff5.js": "576ec371fa3c876193088faf599af6ed222b8d12da306f4e204666d624a4c1ca",
    "https://jspm.dev/npm:whatwg-url@11.0.0/lib/URL!cjs": "978ab27601455d48067f02e1042367f4b822bd108995dc54a4f20f8fb547d8c9",
    "https://jspm.dev/npm:whatwg-url@11.0.0/lib/URL-impl!cjs": "3bf0fdf7c541f12c74c9bfc6b5325fa03fe761e2e95f5a8967190149562b6fe5",
    "https://jspm.dev/npm:whatwg-url@11.0.0/lib/URLSearchParams-impl!cjs": "30f25beb395811d184c7b794aaf64d407d63fd2b187c9395b44e6f8cc1ccfb19",
    "https://jspm.dev/npm:whatwg-url@11.0.0/lib/infra!cjs": "e90091eb97e5296ffb2e3b5b4eef2a4ef81368f898bb0d87da8878c98b20d3e5",
    "https://jspm.dev/npm:whatwg-url@11.0.0/lib/url-state-machine!cjs": "6248bee494941244df0b62980d8a109a47c51345d483570620f6af4cb9fde405",
    "https://jspm.dev/npm:whatwg-url@11.0.0/lib/urlencoded!cjs": "266b694b6d18403ce5fca6d462918fc1141bc2fe953a93ad17195f9e7e6326a7",
    "https://jspm.dev/npm:whatwg-url@11.0.0/webidl2js-wrapper!cjs": "1fce777a5148cae553f75e45c70c615ed6fb4c561c8b31dc60796c0fa921415a",
    "https://jspm.dev/npm:xml-name-validator@4!cjs": "408c0b9f024c153b09d98e12bd6fe6dd5e2f93acee97fcde470c9d3ebe9b6154",
    "https://jspm.dev/npm:xml-name-validator@4.0.0!cjs": "a886fc636368aeeb449ef8002e654075ea37d39db34418c4e6fbbf61704e47b7",
    "https://jspm.dev/npm:xmlchars@2.2.0/xml/1.0/ed5!cjs": "2939e1d0b2b861b01043c9f2ca2dcc9a25642a35253857f992753ffea72fb1cc",
    "https://jspm.dev/npm:xmlchars@2.2.0/xml/1.1/ed2!cjs": "9781282c10f12f5e268c94d978353e7742b1de38cda6349599999995d582321f",
    "https://jspm.dev/npm:xmlchars@2.2.0/xmlns/1.0/ed3!cjs": "57d94eaf1d473802daa41c7eceb115da506cf4dd36e49305e86c7d7c6d6ab5fa",
    "https://jspm.dev/npm:xmlchars@2/xml/1.0/ed5!cjs": "3e9d045119540d5dfbf68f15a56708eef08be6b14eb61106e6c9f124a185ac41",
    "https://jspm.dev/npm:xmlchars@2/xml/1.1/ed2!cjs": "c25e5497b22b52a2b758aa8278619a9b45e85b683cf1db16e05313ed7996742c",
    "https://jspm.dev/npm:xmlchars@2/xmlns/1.0/ed3!cjs": "147804f6532d8a3a314c661775973620158bddc1c92fd99374760942a196c21c"
  },
  "npm": {
    "specifiers": { "deepmerge": "deepmerge@4.2.2" },
    "packages": {
      "deepmerge@4.2.2": {
        "integrity": "sha512-FJ3UgI4gIl+PHZm53knsuSFpE+nESMr7M4v9QcgB7S63Kj/6WqMiFQJpBBYz1Pt+66bZpP3Q7Lye0Oo9MPKEdg==",
        "dependencies": {}
      }
    }
  }
}
